PODS:
  - AparajitaCapacitorBiometricAuth (10.0.0):
    - Capacitor
  - AparajitaCapacitorSecureStorage (8.0.0):
    - Capacitor
    - KeychainSwift (~> 21.0)
  - Capacitor (8.4.1):
    - CapacitorCordova
  - CapacitorApp (8.1.0):
    - Capacitor
  - CapacitorBarcodeScanner (2.2.6):
    - Capacitor
    - OSBarcodeLib (= 2.0.1)
  - CapacitorBrowser (8.0.3):
    - Capacitor
  - CapacitorCamera (8.2.0):
    - Capacitor
    - IONCameraLib (~> 1.0.4)
  - CapacitorClipboard (8.0.1):
    - Capacitor
  - CapacitorCordova (8.4.1)
  - CapacitorDevice (8.0.2):
    - Capacitor
  - CapacitorFilesystem (8.1.2):
    - Capacitor
    - IONFilesystemLib (~> 1.1.1)
  - CapacitorKeyboard (8.0.5):
    - Capacitor
  - CapacitorLocalNotifications (8.2.0):
    - Capacitor
  - CapacitorPreferences (8.0.1):
    - Capacitor
  - CapacitorPushNotifications (8.1.1):
    - Capacitor
  - CapacitorShare (8.0.1):
    - Capacitor
  - CapacitorSplashScreen (8.0.1):
    - Capacitor
  - CapacitorStatusBar (8.0.2):
    - Capacitor
  - FirebaseCore (12.16.0):
    - FirebaseCoreInternal (~> 12.16.0)
    - GoogleUtilities/Environment (~> 8.1)
    - GoogleUtilities/Logger (~> 8.1)
  - FirebaseCoreInternal (12.16.0):
    - "GoogleUtilities/NSData+zlib (~> 8.1)"
  - FirebaseInstallations (12.16.0):
    - FirebaseCore (~> 12.16.0)
    - GoogleUtilities/Environment (~> 8.1)
    - GoogleUtilities/UserDefaults (~> 8.1)
    - PromisesObjC (~> 2.4)
  - FirebaseMessaging (12.16.0):
    - FirebaseCore (~> 12.16.0)
    - FirebaseInstallations (~> 12.16.0)
    - GoogleDataTransport (~> 10.1)
    - GoogleUtilities/AppDelegateSwizzler (~> 8.1)
    - GoogleUtilities/Environment (~> 8.1)
    - GoogleUtilities/Reachability (~> 8.1)
    - GoogleUtilities/UserDefaults (~> 8.1)
    - nanopb (~> 3.30910.0)
  - GoogleDataTransport (10.1.0):
    - nanopb (~> 3.30910.0)
    - PromisesObjC (~> 2.4)
  - GoogleUtilities/AppDelegateSwizzler (8.1.2):
    - GoogleUtilities/Environment
    - GoogleUtilities/Logger
    - GoogleUtilities/Network
    - GoogleUtilities/Privacy
  - GoogleUtilities/Environment (8.1.2):
    - GoogleUtilities/Privacy
  - GoogleUtilities/Logger (8.1.2):
    - GoogleUtilities/Environment
    - GoogleUtilities/Privacy
  - GoogleUtilities/Network (8.1.2):
    - GoogleUtilities/Logger
    - "GoogleUtilities/NSData+zlib"
    - GoogleUtilities/Privacy
    - GoogleUtilities/Reachability
  - "GoogleUtilities/NSData+zlib (8.1.2)":
    - GoogleUtilities/Privacy
  - GoogleUtilities/Privacy (8.1.2)
  - GoogleUtilities/Reachability (8.1.2):
    - GoogleUtilities/Logger
    - GoogleUtilities/Privacy
  - GoogleUtilities/UserDefaults (8.1.2):
    - GoogleUtilities/Logger
    - GoogleUtilities/Privacy
  - IONCameraLib (1.0.4)
  - IONFilesystemLib (1.1.2)
  - KeychainSwift (21.0.0)
  - nanopb (3.30910.0):
    - nanopb/decode (= 3.30910.0)
    - nanopb/encode (= 3.30910.0)
  - nanopb/decode (3.30910.0)
  - nanopb/encode (3.30910.0)
  - OSBarcodeLib (2.0.1)
  - PromisesObjC (2.4.1)

DEPENDENCIES:
  - "AparajitaCapacitorBiometricAuth (from `../../node_modules/@aparajita/capacitor-biometric-auth`)"
  - "AparajitaCapacitorSecureStorage (from `../../node_modules/@aparajita/capacitor-secure-storage`)"
  - "Capacitor (from `../../node_modules/@capacitor/ios`)"
  - "CapacitorApp (from `../../node_modules/@capacitor/app`)"
  - "CapacitorBarcodeScanner (from `../../node_modules/@capacitor/barcode-scanner`)"
  - "CapacitorBrowser (from `../../node_modules/@capacitor/browser`)"
  - "CapacitorCamera (from `../../node_modules/@capacitor/camera`)"
  - "CapacitorClipboard (from `../../node_modules/@capacitor/clipboard`)"
  - "CapacitorCordova (from `../../node_modules/@capacitor/ios`)"
  - "CapacitorDevice (from `../../node_modules/@capacitor/device`)"
  - "CapacitorFilesystem (from `../../node_modules/@capacitor/filesystem`)"
  - "CapacitorKeyboard (from `../../node_modules/@capacitor/keyboard`)"
  - "CapacitorLocalNotifications (from `../../node_modules/@capacitor/local-notifications`)"
  - "CapacitorPreferences (from `../../node_modules/@capacitor/preferences`)"
  - "CapacitorPushNotifications (from `../../node_modules/@capacitor/push-notifications`)"
  - "CapacitorShare (from `../../node_modules/@capacitor/share`)"
  - "CapacitorSplashScreen (from `../../node_modules/@capacitor/splash-screen`)"
  - "CapacitorStatusBar (from `../../node_modules/@capacitor/status-bar`)"
  - FirebaseMessaging

SPEC REPOS:
  trunk:
    - FirebaseCore
    - FirebaseCoreInternal
    - FirebaseInstallations
    - FirebaseMessaging
    - GoogleDataTransport
    - GoogleUtilities
    - IONCameraLib
    - IONFilesystemLib
    - KeychainSwift
    - nanopb
    - OSBarcodeLib
    - PromisesObjC

EXTERNAL SOURCES:
  AparajitaCapacitorBiometricAuth:
    :path: "../../node_modules/@aparajita/capacitor-biometric-auth"
  AparajitaCapacitorSecureStorage:
    :path: "../../node_modules/@aparajita/capacitor-secure-storage"
  Capacitor:
    :path: "../../node_modules/@capacitor/ios"
  CapacitorApp:
    :path: "../../node_modules/@capacitor/app"
  CapacitorBarcodeScanner:
    :path: "../../node_modules/@capacitor/barcode-scanner"
  CapacitorBrowser:
    :path: "../../node_modules/@capacitor/browser"
  CapacitorCamera:
    :path: "../../node_modules/@capacitor/camera"
  CapacitorClipboard:
    :path: "../../node_modules/@capacitor/clipboard"
  CapacitorCordova:
    :path: "../../node_modules/@capacitor/ios"
  CapacitorDevice:
    :path: "../../node_modules/@capacitor/device"
  CapacitorFilesystem:
    :path: "../../node_modules/@capacitor/filesystem"
  CapacitorKeyboard:
    :path: "../../node_modules/@capacitor/keyboard"
  CapacitorLocalNotifications:
    :path: "../../node_modules/@capacitor/local-notifications"
  CapacitorPreferences:
    :path: "../../node_modules/@capacitor/preferences"
  CapacitorPushNotifications:
    :path: "../../node_modules/@capacitor/push-notifications"
  CapacitorShare:
    :path: "../../node_modules/@capacitor/share"
  CapacitorSplashScreen:
    :path: "../../node_modules/@capacitor/splash-screen"
  CapacitorStatusBar:
    :path: "../../node_modules/@capacitor/status-bar"

SPEC CHECKSUMS:
  AparajitaCapacitorBiometricAuth: 4932b9d9cbcd7ffeacefdfdfd9f9fd5ef06cd253
  AparajitaCapacitorSecureStorage: ca9ac1291a3298cac05da4a45e89262b800d9ffa
  Capacitor: 9c34c6eb2165694e51758f5b425d470cb00f5bea
  CapacitorApp: a4d8d936cc4390859a3766f141048abe55d4076f
  CapacitorBarcodeScanner: 7fc82d225b4cd1e1de6d2a3cc0b899fc999c2d3e
  CapacitorBrowser: f42210052d25867e64cda9ee28906ca830835ebe
  CapacitorCamera: a9b5f1a5d09e61b7a979e3510b87cdda99265d2f
  CapacitorClipboard: 1ba60616f1b2d3df52417000217ec810216bbbaf
  CapacitorCordova: eebe6bcf807b1b06f3f48237650f96bbcd0eef09
  CapacitorDevice: b50f119138a2b69a1e9213f4468d1e75e4239cca
  CapacitorFilesystem: 7d3e3df84be4f0d999a5d6baa23aeb30c2de6450
  CapacitorKeyboard: b7df6f45f1072c292d7de8688aa98b9b266b37fe
  CapacitorLocalNotifications: ff4ae87453740b51abd36eb7ee9f827cae48075e
  CapacitorPreferences: 0fa33b3affebf12d96358b491ed7c2b39bec3270
  CapacitorPushNotifications: 7fa75d28307b23b314b19ec7cfe88611e9659352
  CapacitorShare: 8a565649d321a05a1ae8b525b2a9b4f2d92c70ce
  CapacitorSplashScreen: 1281f7df4d9b4a72bccab8d03e6b2bbd17dff122
  CapacitorStatusBar: b692a4cf12b3fe3a7b7ece86da62106065d78fdc
  FirebaseCore: 551d22e19313c75007905c2b03d122a9b3fa7ddc
  FirebaseCoreInternal: 289ac2e89edd981ee41b9da43d3dee590c0c5bfe
  FirebaseInstallations: 86ea57d5b481b936392cd2d5bbd59fca116a5c71
  FirebaseMessaging: 1dc072d46263cba717df2ca88063bef84011cf84
  GoogleDataTransport: aae35b7ea0c09004c3797d53c8c41f66f219d6a7
  GoogleUtilities: 766ace00c6b10d8148408f329d10c4f051931850
  IONCameraLib: f2349804460bd9e3f892e42109b8d996ab3fa19d
  IONFilesystemLib: 21a63377696b2d8fab5632ecfb7d2ac67bddb68a
  KeychainSwift: 4a71a45c802fd9e73906457c2dcbdbdc06c9419d
  nanopb: fad817b59e0457d11a5dfbde799381cd727c1275
  OSBarcodeLib: 57987d2eb1f916f701f4554e20e349b3cb83f023
  PromisesObjC: 752c3227f599e3467650e47ea36f433eeb10c273

PODFILE CHECKSUM: d39424bec754626c698ebf49206ce40d36078294

COCOAPODS: 1.14.3
