PODS:
  - Capacitor (7.3.0):
    - CapacitorCordova
  - CapacitorApp (7.0.1):
    - Capacitor
  - CapacitorBarcodeScanner (2.0.3):
    - Capacitor
    - OSBarcodeLib (~> 1.1.3)
  - CapacitorBrowser (7.0.1):
    - Capacitor
  - CapacitorCamera (7.0.1):
    - Capacitor
  - CapacitorClipboard (7.0.1):
    - Capacitor
  - CapacitorCordova (7.3.0)
  - CapacitorFilesystem (7.1.1):
    - Capacitor
    - IONFilesystemLib (~> 1.0)
  - CapacitorHaptics (7.0.1):
    - Capacitor
  - CapacitorKeyboard (7.0.1):
    - Capacitor
  - CapacitorLocalNotifications (7.0.1):
    - Capacitor
  - CapacitorPreferences (7.0.1):
    - Capacitor
  - CapacitorShare (7.0.1):
    - Capacitor
  - CapacitorSplashScreen (7.0.1):
    - Capacitor
  - CapacitorStatusBar (7.0.1):
    - Capacitor
  - IONFilesystemLib (1.0.0)
  - OSBarcodeLib (1.1.3)

DEPENDENCIES:
  - "Capacitor (from `../../node_modules/@capacitor/ios`)"
  - "CapacitorApp (from `../../node_modules/@capacitor/app`)"
  - "CapacitorBarcodeScanner (from `../../node_modules/@capacitor/barcode-scanner`)"
  - "CapacitorBrowser (from `../../node_modules/@capacitor/browser`)"
  - "CapacitorCamera (from `../../node_modules/@capacitor/camera`)"
  - "CapacitorClipboard (from `../../node_modules/@capacitor/clipboard`)"
  - "CapacitorCordova (from `../../node_modules/@capacitor/ios`)"
  - "CapacitorFilesystem (from `../../node_modules/@capacitor/filesystem`)"
  - "CapacitorHaptics (from `../../node_modules/@capacitor/haptics`)"
  - "CapacitorKeyboard (from `../../node_modules/@capacitor/keyboard`)"
  - "CapacitorLocalNotifications (from `../../node_modules/@capacitor/local-notifications`)"
  - "CapacitorPreferences (from `../../node_modules/@capacitor/preferences`)"
  - "CapacitorShare (from `../../node_modules/@capacitor/share`)"
  - "CapacitorSplashScreen (from `../../node_modules/@capacitor/splash-screen`)"
  - "CapacitorStatusBar (from `../../node_modules/@capacitor/status-bar`)"

SPEC REPOS:
  trunk:
    - IONFilesystemLib
    - OSBarcodeLib

EXTERNAL SOURCES:
  Capacitor:
    :path: "../../node_modules/@capacitor/ios"
  CapacitorApp:
    :path: "../../node_modules/@capacitor/app"
  CapacitorBarcodeScanner:
    :path: "../../node_modules/@capacitor/barcode-scanner"
  CapacitorBrowser:
    :path: "../../node_modules/@capacitor/browser"
  CapacitorCamera:
    :path: "../../node_modules/@capacitor/camera"
  CapacitorClipboard:
    :path: "../../node_modules/@capacitor/clipboard"
  CapacitorCordova:
    :path: "../../node_modules/@capacitor/ios"
  CapacitorFilesystem:
    :path: "../../node_modules/@capacitor/filesystem"
  CapacitorHaptics:
    :path: "../../node_modules/@capacitor/haptics"
  CapacitorKeyboard:
    :path: "../../node_modules/@capacitor/keyboard"
  CapacitorLocalNotifications:
    :path: "../../node_modules/@capacitor/local-notifications"
  CapacitorPreferences:
    :path: "../../node_modules/@capacitor/preferences"
  CapacitorShare:
    :path: "../../node_modules/@capacitor/share"
  CapacitorSplashScreen:
    :path: "../../node_modules/@capacitor/splash-screen"
  CapacitorStatusBar:
    :path: "../../node_modules/@capacitor/status-bar"

SPEC CHECKSUMS:
  Capacitor: fbd134fa28e503720559ecddb5ab6b41d69de347
  CapacitorApp: d63334c052278caf5d81585d80b21905c6f93f39
  CapacitorBarcodeScanner: 3c32ee7c4f7088cefb1abf1b83c10a11202190a8
  CapacitorBrowser: 081852cf532acf77b9d2953f3a88fe5b9711fb06
  CapacitorCamera: eb8687d8687fed853598ec9460d94bcd5e16babe
  CapacitorClipboard: b98aead5dc7ec595547fc2c5d75bacd2ae3338bc
  CapacitorCordova: 2685f5c43675793b5f06dfd66b3b26268f003b97
  CapacitorFilesystem: 3acaa1d2b909a9dd904581a86f21782886e6bb38
  CapacitorHaptics: 70e47470fa1a6bd6338cd102552e3846b7f9a1b3
  CapacitorKeyboard: 969647d0ca2e5c737d7300088e2517aa832434e2
  CapacitorLocalNotifications: 4ea60b9347eac60b37cb4daaf62d12060bb00972
  CapacitorPreferences: cbf154e5e5519b7f5ab33817a334dda1e98387f9
  CapacitorShare: 58d6c2da63b093e8693287b2d36db92435538435
  CapacitorSplashScreen: 19cd3573e57507e02d6f34597a8c421e00931487
  CapacitorStatusBar: 275cbf2f4dfc00388f519ef80c7ec22edda342c9
  IONFilesystemLib: ceacae793975039530458eabab0c495c70515a0d
  OSBarcodeLib: f2e981270a64faf476cb790864262b29ab8cd68a

PODFILE CHECKSUM: 9d5409a97b622f33224478a498b13050d8ab5f24

COCOAPODS: 1.14.3
